
Microsoft Visual Studio Solution File, Format Version 12.00
# Visual Studio 15
VisualStudioVersion = 15.0.28307.271
MinimumVisualStudioVersion = 10.0.40219.1
Project("{FAE04EC0-301F-11D3-BF4B-00C04F79EFBC}") = "PsuTimetable.Android", "PsuTimetable\PsuTimetable.Android\PsuTimetable.Android.csproj", "{637ED8DB-AC0E-4950-978F-E782AF808B4D}"
EndProject
Project("{FAE04EC0-301F-11D3-BF4B-00C04F79EFBC}") = "PsuTimetable", "PsuTimetable\PsuTimetable\PsuTimetable.csproj", "{D330784C-F320-431C-892A-7E260B9C85B0}"
EndProject
Global
	GlobalSection(SolutionConfigurationPlatforms) = preSolution
		Debug|Any CPU = Debug|Any CPU
		Release|Any CPU = Release|Any CPU
	EndGlobalSection
	GlobalSection(ProjectConfigurationPlatforms) = postSolution
		{637ED8DB-AC0E-4950-978F-E782AF808B4D}.Debug|Any CPU.ActiveCfg = Debug|Any CPU
		{637ED8DB-AC0E-4950-978F-E782AF808B4D}.Debug|Any CPU.Build.0 = Debug|Any CPU
		{637ED8DB-AC0E-4950-978F-E782AF808B4D}.Debug|Any CPU.Deploy.0 = Debug|Any CPU
		{637ED8DB-AC0E-4950-978F-E782AF808B4D}.Release|Any CPU.ActiveCfg = Release|Any CPU
		{637ED8DB-AC0E-4950-978F-E782AF808B4D}.Release|Any CPU.Build.0 = Release|Any CPU
		{637ED8DB-AC0E-4950-978F-E782AF808B4D}.Release|Any CPU.Deploy.0 = Release|Any CPU
		{D330784C-F320-431C-892A-7E260B9C85B0}.Debug|Any CPU.ActiveCfg = Debug|Any CPU
		{D330784C-F320-431C-892A-7E260B9C85B0}.Debug|Any CPU.Build.0 = Debug|Any CPU
		{D330784C-F320-431C-892A-7E260B9C85B0}.Release|Any CPU.ActiveCfg = Release|Any CPU
		{D330784C-F320-431C-892A-7E260B9C85B0}.Release|Any CPU.Build.0 = Release|Any CPU
	EndGlobalSection
	GlobalSection(SolutionProperties) = preSolution
		HideSolutionNode = FALSE
	EndGlobalSection
	GlobalSection(ExtensibilityGlobals) = postSolution
		SolutionGuid = {6EFC1AC7-6B32-40F8-ACDD-0466C5468AA1}
	EndGlobalSection
EndGlobal
